
Microsoft Visual Studio Solution File, Format Version 12.00
Project("{FAE04EC0-301F-11D3-BF4B-00C04F79EFBC}") = "AvaloniaDialog", "AvaloniaDialog\AvaloniaDialog.csproj", "{228C1C84-A0F6-4E32-BA24-4FBDC45858CE}"
EndProject
Global
	GlobalSection(SolutionConfigurationPlatforms) = preSolution
		Debug|Any CPU = Debug|Any CPU
		Release|Any CPU = Release|Any CPU
	EndGlobalSection
	GlobalSection(ProjectConfigurationPlatforms) = postSolution
		{228C1C84-A0F6-4E32-BA24-4FBDC45858CE}.Debug|Any CPU.ActiveCfg = Debug|Any CPU
		{228C1C84-A0F6-4E32-BA24-4FBDC45858CE}.Debug|Any CPU.Build.0 = Debug|Any CPU
		{228C1C84-A0F6-4E32-BA24-4FBDC45858CE}.Release|Any CPU.ActiveCfg = Release|Any CPU
		{228C1C84-A0F6-4E32-BA24-4FBDC45858CE}.Release|Any CPU.Build.0 = Release|Any CPU
	EndGlobalSection
EndGlobal
